
Microsoft Visual Studio Solution File, Format Version 12.00
# Visual Studio Version 16
VisualStudioVersion = 16.0.31911.196
MinimumVisualStudioVersion = 10.0.40219.1
Project("{8BC9CEB8-8B4A-11D0-8D11-00A0C91BC942}") = "total carry in addition of two numbers", "total carry in addition of two numbers.vcxproj", "{5CE70223-4752-42A6-8404-1F073274251B}"
EndProject
Global
	GlobalSection(SolutionConfigurationPlatforms) = preSolution
		Debug|x64 = Debug|x64
		Debug|x86 = Debug|x86
		Release|x64 = Release|x64
		Release|x86 = Release|x86
	EndGlobalSection
	GlobalSection(ProjectConfigurationPlatforms) = postSolution
		{5CE70223-4752-42A6-8404-1F073274251B}.Debug|x64.ActiveCfg = Debug|x64
		{5CE70223-4752-42A6-8404-1F073274251B}.Debug|x64.Build.0 = Debug|x64
		{5CE70223-4752-42A6-8404-1F073274251B}.Debug|x86.ActiveCfg = Debug|Win32
		{5CE70223-4752-42A6-8404-1F073274251B}.Debug|x86.Build.0 = Debug|Win32
		{5CE70223-4752-42A6-8404-1F073274251B}.Release|x64.ActiveCfg = Release|x64
		{5CE70223-4752-42A6-8404-1F073274251B}.Release|x64.Build.0 = Release|x64
		{5CE70223-4752-42A6-8404-1F073274251B}.Release|x86.ActiveCfg = Release|Win32
		{5CE70223-4752-42A6-8404-1F073274251B}.Release|x86.Build.0 = Release|Win32
	EndGlobalSection
	GlobalSection(SolutionProperties) = preSolution
		HideSolutionNode = FALSE
	EndGlobalSection
	GlobalSection(ExtensibilityGlobals) = postSolution
		SolutionGuid = {534979C3-4D9D-42D8-9D1A-36716395232D}
	EndGlobalSection
EndGlobal
